
Microsoft Visual Studio Solution File, Format Version 12.00
# Visual Studio Version 16
VisualStudioVersion = 16.0.32413.511
MinimumVisualStudioVersion = 10.0.40219.1
Project("{FAE04EC0-301F-11D3-BF4B-00C04F79EFBC}") = "TestWepApi", "TestWepApi\TestWepApi.csproj", "{4360AB66-DCE0-4023-90FE-7051FB605079}"
EndProject
Global
	GlobalSection(SolutionConfigurationPlatforms) = preSolution
		Debug|Any CPU = Debug|Any CPU
		Release|Any CPU = Release|Any CPU
	EndGlobalSection
	GlobalSection(ProjectConfigurationPlatforms) = postSolution
		{4360AB66-DCE0-4023-90FE-7051FB605079}.Debug|Any CPU.ActiveCfg = Debug|Any CPU
		{4360AB66-DCE0-4023-90FE-7051FB605079}.Debug|Any CPU.Build.0 = Debug|Any CPU
		{4360AB66-DCE0-4023-90FE-7051FB605079}.Release|Any CPU.ActiveCfg = Release|Any CPU
		{4360AB66-DCE0-4023-90FE-7051FB605079}.Release|Any CPU.Build.0 = Release|Any CPU
	EndGlobalSection
	GlobalSection(SolutionProperties) = preSolution
		HideSolutionNode = FALSE
	EndGlobalSection
	GlobalSection(ExtensibilityGlobals) = postSolution
		SolutionGuid = {E05B8FFD-B948-42E1-913F-6CB0941B4B05}
	EndGlobalSection
EndGlobal
